
Microsoft Visual Studio Solution File, Format Version 12.00
# Visual Studio Version 17
VisualStudioVersion = 17.14.36202.13
MinimumVisualStudioVersion = 10.0.40219.1
Project("{FAE04EC0-301F-11D3-BF4B-00C04F79EFBC}") = "Server", "Server\Server.csproj", "{3F788D6A-28A8-4B46-885C-AFF307784904}"
EndProject
Project("{FAE04EC0-301F-11D3-BF4B-00C04F79EFBC}") = "Client", "Client\Client.csproj", "{ABF4D36C-CF9B-4C2E-8BCE-C0EE57D60B18}"
EndProject
Project("{2150E333-8FDC-42A3-9474-1A3956D46DE8}") = "SQL", "SQL", "{02EA681E-C7D8-13C7-8484-4AC65E1B71E8}"
	ProjectSection(SolutionItems) = preProject
		CreateUsersTable.sql = CreateUsersTable.sql
	EndProjectSection
EndProject
Global
	GlobalSection(SolutionConfigurationPlatforms) = preSolution
		Debug|Any CPU = Debug|Any CPU
		Release|Any CPU = Release|Any CPU
	EndGlobalSection
	GlobalSection(ProjectConfigurationPlatforms) = postSolution
		{3F788D6A-28A8-4B46-885C-AFF307784904}.Debug|Any CPU.ActiveCfg = Debug|Any CPU
		{3F788D6A-28A8-4B46-885C-AFF307784904}.Debug|Any CPU.Build.0 = Debug|Any CPU
		{3F788D6A-28A8-4B46-885C-AFF307784904}.Release|Any CPU.ActiveCfg = Release|Any CPU
		{3F788D6A-28A8-4B46-885C-AFF307784904}.Release|Any CPU.Build.0 = Release|Any CPU
		{ABF4D36C-CF9B-4C2E-8BCE-C0EE57D60B18}.Debug|Any CPU.ActiveCfg = Debug|Any CPU
		{ABF4D36C-CF9B-4C2E-8BCE-C0EE57D60B18}.Debug|Any CPU.Build.0 = Debug|Any CPU
		{ABF4D36C-CF9B-4C2E-8BCE-C0EE57D60B18}.Release|Any CPU.ActiveCfg = Release|Any CPU
		{ABF4D36C-CF9B-4C2E-8BCE-C0EE57D60B18}.Release|Any CPU.Build.0 = Release|Any CPU
	EndGlobalSection
	GlobalSection(SolutionProperties) = preSolution
		HideSolutionNode = FALSE
	EndGlobalSection
	GlobalSection(ExtensibilityGlobals) = postSolution
		SolutionGuid = {E75BCC6F-14D7-46FA-923E-94600272C5FC}
	EndGlobalSection
EndGlobal
