
Microsoft Visual Studio Solution File, Format Version 12.00
# Visual Studio Version 17
VisualStudioVersion = 17.14.36202.13 d17.14
MinimumVisualStudioVersion = 10.0.40219.1
Project("{FAE04EC0-301F-11D3-BF4B-00C04F79EFBC}") = "UserLoginApp", "UserLoginApp\UserLoginApp.csproj", "{1BA8C2EC-0819-4364-BB64-36E2C0D2D3C4}"
EndProject
Global
	GlobalSection(SolutionConfigurationPlatforms) = preSolution
		Debug|Any CPU = Debug|Any CPU
		Release|Any CPU = Release|Any CPU
	EndGlobalSection
	GlobalSection(ProjectConfigurationPlatforms) = postSolution
		{1BA8C2EC-0819-4364-BB64-36E2C0D2D3C4}.Debug|Any CPU.ActiveCfg = Debug|Any CPU
		{1BA8C2EC-0819-4364-BB64-36E2C0D2D3C4}.Debug|Any CPU.Build.0 = Debug|Any CPU
		{1BA8C2EC-0819-4364-BB64-36E2C0D2D3C4}.Release|Any CPU.ActiveCfg = Release|Any CPU
		{1BA8C2EC-0819-4364-BB64-36E2C0D2D3C4}.Release|Any CPU.Build.0 = Release|Any CPU
	EndGlobalSection
	GlobalSection(SolutionProperties) = preSolution
		HideSolutionNode = FALSE
	EndGlobalSection
	GlobalSection(ExtensibilityGlobals) = postSolution
		SolutionGuid = {83358D5C-925D-41AD-B092-195C5C5EB9DD}
	EndGlobalSection
EndGlobal
